
Microsoft Visual Studio Solution File, Format Version 12.00
# Visual Studio Version 16
VisualStudioVersion = 25.0.1703.1
MinimumVisualStudioVersion = 10.0.40219.1
Project("{FAE04EC0-301F-11D3-BF4B-00C04F79EFBC}") = "XamarinConcepts.Android", "XamarinConcepts\XamarinConcepts.Android\XamarinConcepts.Android.csproj", "{472763EA-6F75-4849-9F36-57DC547E02A4}"
EndProject
Project("{FAE04EC0-301F-11D3-BF4B-00C04F79EFBC}") = "XamarinConcepts.iOS", "XamarinConcepts\XamarinConcepts.iOS\XamarinConcepts.iOS.csproj", "{16F395DB-43AF-43A2-ABFD-A7F75B46ECEA}"
EndProject
Project("{FAE04EC0-301F-11D3-BF4B-00C04F79EFBC}") = "XamarinConcepts", "XamarinConcepts\XamarinConcepts\XamarinConcepts.csproj", "{60F19D57-C2C9-40E9-A687-EAC4CCD04F2E}"
EndProject
Global
	GlobalSection(SolutionConfigurationPlatforms) = preSolution
		Debug|Any CPU = Debug|Any CPU
		Release|Any CPU = Release|Any CPU
		Debug|iPhoneSimulator = Debug|iPhoneSimulator
		Release|iPhoneSimulator = Release|iPhoneSimulator
		Debug|iPhone = Debug|iPhone
		Release|iPhone = Release|iPhone
	EndGlobalSection
	GlobalSection(ProjectConfigurationPlatforms) = postSolution
		{472763EA-6F75-4849-9F36-57DC547E02A4}.Debug|Any CPU.ActiveCfg = Debug|Any CPU
		{472763EA-6F75-4849-9F36-57DC547E02A4}.Debug|Any CPU.Build.0 = Debug|Any CPU
		{472763EA-6F75-4849-9F36-57DC547E02A4}.Release|Any CPU.ActiveCfg = Release|Any CPU
		{472763EA-6F75-4849-9F36-57DC547E02A4}.Release|Any CPU.Build.0 = Release|Any CPU
		{472763EA-6F75-4849-9F36-57DC547E02A4}.Debug|iPhoneSimulator.ActiveCfg = Debug|Any CPU
		{472763EA-6F75-4849-9F36-57DC547E02A4}.Debug|iPhoneSimulator.Build.0 = Debug|Any CPU
		{472763EA-6F75-4849-9F36-57DC547E02A4}.Release|iPhoneSimulator.ActiveCfg = Release|Any CPU
		{472763EA-6F75-4849-9F36-57DC547E02A4}.Release|iPhoneSimulator.Build.0 = Release|Any CPU
		{472763EA-6F75-4849-9F36-57DC547E02A4}.Debug|iPhone.ActiveCfg = Debug|Any CPU
		{472763EA-6F75-4849-9F36-57DC547E02A4}.Debug|iPhone.Build.0 = Debug|Any CPU
		{472763EA-6F75-4849-9F36-57DC547E02A4}.Release|iPhone.ActiveCfg = Release|Any CPU
		{472763EA-6F75-4849-9F36-57DC547E02A4}.Release|iPhone.Build.0 = Release|Any CPU
		{16F395DB-43AF-43A2-ABFD-A7F75B46ECEA}.Debug|Any CPU.ActiveCfg = Debug|iPhoneSimulator
		{16F395DB-43AF-43A2-ABFD-A7F75B46ECEA}.Debug|Any CPU.Build.0 = Debug|iPhoneSimulator
		{16F395DB-43AF-43A2-ABFD-A7F75B46ECEA}.Release|Any CPU.ActiveCfg = Release|iPhoneSimulator
		{16F395DB-43AF-43A2-ABFD-A7F75B46ECEA}.Release|Any CPU.Build.0 = Release|iPhoneSimulator
		{16F395DB-43AF-43A2-ABFD-A7F75B46ECEA}.Debug|iPhoneSimulator.ActiveCfg = Debug|iPhoneSimulator
		{16F395DB-43AF-43A2-ABFD-A7F75B46ECEA}.Debug|iPhoneSimulator.Build.0 = Debug|iPhoneSimulator
		{16F395DB-43AF-43A2-ABFD-A7F75B46ECEA}.Release|iPhoneSimulator.ActiveCfg = Release|iPhoneSimulator
		{16F395DB-43AF-43A2-ABFD-A7F75B46ECEA}.Release|iPhoneSimulator.Build.0 = Release|iPhoneSimulator
		{16F395DB-43AF-43A2-ABFD-A7F75B46ECEA}.Debug|iPhone.ActiveCfg = Debug|iPhone
		{16F395DB-43AF-43A2-ABFD-A7F75B46ECEA}.Debug|iPhone.Build.0 = Debug|iPhone
		{16F395DB-43AF-43A2-ABFD-A7F75B46ECEA}.Release|iPhone.ActiveCfg = Release|iPhone
		{16F395DB-43AF-43A2-ABFD-A7F75B46ECEA}.Release|iPhone.Build.0 = Release|iPhone
		{60F19D57-C2C9-40E9-A687-EAC4CCD04F2E}.Debug|Any CPU.ActiveCfg = Debug|Any CPU
		{60F19D57-C2C9-40E9-A687-EAC4CCD04F2E}.Debug|Any CPU.Build.0 = Debug|Any CPU
		{60F19D57-C2C9-40E9-A687-EAC4CCD04F2E}.Release|Any CPU.ActiveCfg = Release|Any CPU
		{60F19D57-C2C9-40E9-A687-EAC4CCD04F2E}.Release|Any CPU.Build.0 = Release|Any CPU
		{60F19D57-C2C9-40E9-A687-EAC4CCD04F2E}.Debug|iPhoneSimulator.ActiveCfg = Debug|Any CPU
		{60F19D57-C2C9-40E9-A687-EAC4CCD04F2E}.Debug|iPhoneSimulator.Build.0 = Debug|Any CPU
		{60F19D57-C2C9-40E9-A687-EAC4CCD04F2E}.Release|iPhoneSimulator.ActiveCfg = Release|Any CPU
		{60F19D57-C2C9-40E9-A687-EAC4CCD04F2E}.Release|iPhoneSimulator.Build.0 = Release|Any CPU
		{60F19D57-C2C9-40E9-A687-EAC4CCD04F2E}.Debug|iPhone.ActiveCfg = Debug|Any CPU
		{60F19D57-C2C9-40E9-A687-EAC4CCD04F2E}.Debug|iPhone.Build.0 = Debug|Any CPU
		{60F19D57-C2C9-40E9-A687-EAC4CCD04F2E}.Release|iPhone.ActiveCfg = Release|Any CPU
		{60F19D57-C2C9-40E9-A687-EAC4CCD04F2E}.Release|iPhone.Build.0 = Release|Any CPU
	EndGlobalSection
	GlobalSection(SolutionProperties) = preSolution
		HideSolutionNode = FALSE
	EndGlobalSection
	GlobalSection(ExtensibilityGlobals) = postSolution
		SolutionGuid = {EFD01A9E-ABA8-4618-9817-2B82E6DE9F5B}
	EndGlobalSection
EndGlobal
